
Microsoft Visual Studio Solution File, Format Version 12.00
# Visual Studio Version 16
VisualStudioVersion = 16.0.31911.196
MinimumVisualStudioVersion = 10.0.40219.1
Project("{FAE04EC0-301F-11D3-BF4B-00C04F79EFBC}") = "MTTelegramBotFunctionApp", "MTTelegramBotFunctionApp.csproj", "{929BD03A-B008-4EEE-AC04-49A868A00891}"
EndProject
Project("{FAE04EC0-301F-11D3-BF4B-00C04F79EFBC}") = "MTTelegramBotConsole", "..\MTTelegramBotConsole\MTTelegramBotConsole.csproj", "{061204D7-6600-4AE6-91AC-E6727292C347}"
EndProject
Project("{FAE04EC0-301F-11D3-BF4B-00C04F79EFBC}") = "MTTelegramBotLibrary", "..\MTTelegramBotLibrary\MTTelegramBotLibrary.csproj", "{D3EADE95-D181-4578-93F9-37818A959826}"
EndProject
Global
	GlobalSection(SolutionConfigurationPlatforms) = preSolution
		Debug|Any CPU = Debug|Any CPU
		Release|Any CPU = Release|Any CPU
	EndGlobalSection
	GlobalSection(ProjectConfigurationPlatforms) = postSolution
		{929BD03A-B008-4EEE-AC04-49A868A00891}.Debug|Any CPU.ActiveCfg = Debug|Any CPU
		{929BD03A-B008-4EEE-AC04-49A868A00891}.Debug|Any CPU.Build.0 = Debug|Any CPU
		{929BD03A-B008-4EEE-AC04-49A868A00891}.Release|Any CPU.ActiveCfg = Release|Any CPU
		{929BD03A-B008-4EEE-AC04-49A868A00891}.Release|Any CPU.Build.0 = Release|Any CPU
		{061204D7-6600-4AE6-91AC-E6727292C347}.Debug|Any CPU.ActiveCfg = Debug|Any CPU
		{061204D7-6600-4AE6-91AC-E6727292C347}.Debug|Any CPU.Build.0 = Debug|Any CPU
		{061204D7-6600-4AE6-91AC-E6727292C347}.Release|Any CPU.ActiveCfg = Release|Any CPU
		{061204D7-6600-4AE6-91AC-E6727292C347}.Release|Any CPU.Build.0 = Release|Any CPU
		{D3EADE95-D181-4578-93F9-37818A959826}.Debug|Any CPU.ActiveCfg = Debug|Any CPU
		{D3EADE95-D181-4578-93F9-37818A959826}.Debug|Any CPU.Build.0 = Debug|Any CPU
		{D3EADE95-D181-4578-93F9-37818A959826}.Release|Any CPU.ActiveCfg = Release|Any CPU
		{D3EADE95-D181-4578-93F9-37818A959826}.Release|Any CPU.Build.0 = Release|Any CPU
	EndGlobalSection
	GlobalSection(SolutionProperties) = preSolution
		HideSolutionNode = FALSE
	EndGlobalSection
	GlobalSection(ExtensibilityGlobals) = postSolution
		SolutionGuid = {4C1386FB-60DB-4265-B86C-9C9B1940A5E6}
	EndGlobalSection
EndGlobal
